
Microsoft Visual Studio Solution File, Format Version 12.00
Project("{FAE04EC0-301F-11D3-BF4B-00C04F79EFBC}") = "DeliveryService", "DeliveryService\DeliveryService.csproj", "{1B2147ED-7280-45B7-AB95-A6E5F474AAA8}"
EndProject
Project("{FAE04EC0-301F-11D3-BF4B-00C04F79EFBC}") = "Client", "Client\Client.csproj", "{03147641-5E48-45B2-81B9-4F8452619F4A}"
EndProject
Project("{FAE04EC0-301F-11D3-BF4B-00C04F79EFBC}") = "Accounts", "Accounts\Accounts.csproj", "{B758C6DF-DFD3-4474-9719-8BD74D9470A2}"
EndProject
Global
	GlobalSection(SolutionConfigurationPlatforms) = preSolution
		Debug|Any CPU = Debug|Any CPU
		Release|Any CPU = Release|Any CPU
	EndGlobalSection
	GlobalSection(ProjectConfigurationPlatforms) = postSolution
		{1B2147ED-7280-45B7-AB95-A6E5F474AAA8}.Debug|Any CPU.ActiveCfg = Debug|Any CPU
		{1B2147ED-7280-45B7-AB95-A6E5F474AAA8}.Debug|Any CPU.Build.0 = Debug|Any CPU
		{1B2147ED-7280-45B7-AB95-A6E5F474AAA8}.Release|Any CPU.ActiveCfg = Release|Any CPU
		{1B2147ED-7280-45B7-AB95-A6E5F474AAA8}.Release|Any CPU.Build.0 = Release|Any CPU
		{03147641-5E48-45B2-81B9-4F8452619F4A}.Debug|Any CPU.ActiveCfg = Debug|Any CPU
		{03147641-5E48-45B2-81B9-4F8452619F4A}.Debug|Any CPU.Build.0 = Debug|Any CPU
		{03147641-5E48-45B2-81B9-4F8452619F4A}.Release|Any CPU.ActiveCfg = Release|Any CPU
		{03147641-5E48-45B2-81B9-4F8452619F4A}.Release|Any CPU.Build.0 = Release|Any CPU
		{B758C6DF-DFD3-4474-9719-8BD74D9470A2}.Debug|Any CPU.ActiveCfg = Debug|Any CPU
		{B758C6DF-DFD3-4474-9719-8BD74D9470A2}.Debug|Any CPU.Build.0 = Debug|Any CPU
		{B758C6DF-DFD3-4474-9719-8BD74D9470A2}.Release|Any CPU.ActiveCfg = Release|Any CPU
		{B758C6DF-DFD3-4474-9719-8BD74D9470A2}.Release|Any CPU.Build.0 = Release|Any CPU
	EndGlobalSection
EndGlobal
