
Microsoft Visual Studio Solution File, Format Version 12.00
Project("{FAE04EC0-301F-11D3-BF4B-00C04F79EFBC}") = "Sdk", "Sdk\Sdk.csproj", "{2C47BDE0-96BC-49C9-963D-16CC96AF23E0}"
EndProject
Project("{FAE04EC0-301F-11D3-BF4B-00C04F79EFBC}") = "Accounts", "Accounts\Accounts.csproj", "{F29F6670-4D79-4D7C-9546-9D3F6349EF5B}"
EndProject
Project("{FAE04EC0-301F-11D3-BF4B-00C04F79EFBC}") = "Sdk.MessageBus", "Sdk.MessageBus\Sdk.MessageBus.csproj", "{C3E89559-578C-46F8-BC9F-45B29123A67D}"
EndProject
Global
	GlobalSection(SolutionConfigurationPlatforms) = preSolution
		Debug|Any CPU = Debug|Any CPU
		Release|Any CPU = Release|Any CPU
	EndGlobalSection
	GlobalSection(ProjectConfigurationPlatforms) = postSolution
		{2C47BDE0-96BC-49C9-963D-16CC96AF23E0}.Debug|Any CPU.ActiveCfg = Debug|Any CPU
		{2C47BDE0-96BC-49C9-963D-16CC96AF23E0}.Debug|Any CPU.Build.0 = Debug|Any CPU
		{2C47BDE0-96BC-49C9-963D-16CC96AF23E0}.Release|Any CPU.ActiveCfg = Release|Any CPU
		{2C47BDE0-96BC-49C9-963D-16CC96AF23E0}.Release|Any CPU.Build.0 = Release|Any CPU
		{F29F6670-4D79-4D7C-9546-9D3F6349EF5B}.Debug|Any CPU.ActiveCfg = Debug|Any CPU
		{F29F6670-4D79-4D7C-9546-9D3F6349EF5B}.Debug|Any CPU.Build.0 = Debug|Any CPU
		{F29F6670-4D79-4D7C-9546-9D3F6349EF5B}.Release|Any CPU.ActiveCfg = Release|Any CPU
		{F29F6670-4D79-4D7C-9546-9D3F6349EF5B}.Release|Any CPU.Build.0 = Release|Any CPU
		{C3E89559-578C-46F8-BC9F-45B29123A67D}.Debug|Any CPU.ActiveCfg = Debug|Any CPU
		{C3E89559-578C-46F8-BC9F-45B29123A67D}.Debug|Any CPU.Build.0 = Debug|Any CPU
		{C3E89559-578C-46F8-BC9F-45B29123A67D}.Release|Any CPU.ActiveCfg = Release|Any CPU
		{C3E89559-578C-46F8-BC9F-45B29123A67D}.Release|Any CPU.Build.0 = Release|Any CPU
	EndGlobalSection
EndGlobal
