
Microsoft Visual Studio Solution File, Format Version 12.00
Project("{FAE04EC0-301F-11D3-BF4B-00C04F79EFBC}") = "Accounts", "Accounts\Accounts.csproj", "{F29F6670-4D79-4D7C-9546-9D3F6349EF5B}"
EndProject
Project("{FAE04EC0-301F-11D3-BF4B-00C04F79EFBC}") = "Accounts.Persistence", "Accounts.Persistence\Accounts.Persistence.csproj", "{B8DA8365-73D6-42D7-8D11-48A7A5FF47AC}"
EndProject
Project("{FAE04EC0-301F-11D3-BF4B-00C04F79EFBC}") = "Sdk.Api", "Sdk.Api\Sdk.Api.csproj", "{D343304F-4FE6-4451-A970-F512AC05153F}"
EndProject
Project("{FAE04EC0-301F-11D3-BF4B-00C04F79EFBC}") = "Sdk.Communication", "Sdk.Communication\Sdk.Communication.csproj", "{52AC1F60-C473-4913-9B53-F65110B4CFC9}"
EndProject
Project("{FAE04EC0-301F-11D3-BF4B-00C04F79EFBC}") = "Sdk.Core", "Sdk.Core\Sdk.Core.csproj", "{F01AF2B3-EB42-4175-B428-2792B5C3214F}"
EndProject
Project("{FAE04EC0-301F-11D3-BF4B-00C04F79EFBC}") = "Accounts.Tests", "Accounts.Tests\Accounts.Tests.csproj", "{8ECA8FCB-88F8-4687-9E1E-470FA1151D18}"
EndProject
Project("{FAE04EC0-301F-11D3-BF4B-00C04F79EFBC}") = "Sdk.Persistence", "Sdk.Persistence\Sdk.Persistence.csproj", "{E53CF96E-6116-4068-A282-3B6C08934257}"
EndProject
Project("{FAE04EC0-301F-11D3-BF4B-00C04F79EFBC}") = "Sdk.Tests", "Sdk.Tests\Sdk.Tests.csproj", "{EDEF46CE-6BE0-4DFC-9212-9679ADD25F01}"
EndProject
Project("{FAE04EC0-301F-11D3-BF4B-00C04F79EFBC}") = "Notifications", "Notifications\Notifications.csproj", "{1A87E30F-2B87-4B86-B966-030C73216941}"
EndProject
Project("{FAE04EC0-301F-11D3-BF4B-00C04F79EFBC}") = "Notifications.Persistence", "Notifications.Persistence\Notifications.Persistence.csproj", "{679D12E5-F02B-4AF2-9BE0-C127C40F7D2F}"
EndProject
Project("{FAE04EC0-301F-11D3-BF4B-00C04F79EFBC}") = "Notifications.Tests", "Notifications.Tests\Notifications.Tests.csproj", "{07281CB1-2603-49BD-8791-C9D32885B97C}"
EndProject
Project("{FAE04EC0-301F-11D3-BF4B-00C04F79EFBC}") = "Sdk.Auth", "Sdk.Auth\Sdk.Auth.csproj", "{6F7CA13D-00EA-498A-B554-BEB0235492A6}"
EndProject
Project("{FAE04EC0-301F-11D3-BF4B-00C04F79EFBC}") = "Approvals", "Approvals\Approvals.csproj", "{CD74DBD2-A87F-4F2E-A9ED-53D1ADB6B3AF}"
EndProject
Project("{FAE04EC0-301F-11D3-BF4B-00C04F79EFBC}") = "Approvals.Persistence", "Approvals.Persistence\Approvals.Persistence.csproj", "{35E9056F-1FCE-4191-A1DE-98FD7C4B18C1}"
EndProject
Project("{FAE04EC0-301F-11D3-BF4B-00C04F79EFBC}") = "Approvals.Tests", "Approvals.Tests\Approvals.Tests.csproj", "{7455DA13-BE13-4F21-BA45-BEAC32E472F4}"
EndProject
Project("{FAE04EC0-301F-11D3-BF4B-00C04F79EFBC}") = "Transactions", "Transactions\Transactions.csproj", "{7B876CC2-D066-4132-98F6-DBCCB8031188}"
EndProject
Project("{FAE04EC0-301F-11D3-BF4B-00C04F79EFBC}") = "Transactions.Persistence", "Transactions.Persistence\Transactions.Persistence.csproj", "{FE12486A-70C9-4194-8840-8168D6AE9568}"
EndProject
Project("{FAE04EC0-301F-11D3-BF4B-00C04F79EFBC}") = "Transactions.Tests", "Transactions.Tests\Transactions.Tests.csproj", "{56B9FD20-DBC6-4525-BB62-4E6734A738EC}"
EndProject
Global
	GlobalSection(SolutionConfigurationPlatforms) = preSolution
		Debug|Any CPU = Debug|Any CPU
		Release|Any CPU = Release|Any CPU
	EndGlobalSection
	GlobalSection(ProjectConfigurationPlatforms) = postSolution
		{F29F6670-4D79-4D7C-9546-9D3F6349EF5B}.Debug|Any CPU.ActiveCfg = Debug|Any CPU
		{F29F6670-4D79-4D7C-9546-9D3F6349EF5B}.Debug|Any CPU.Build.0 = Debug|Any CPU
		{F29F6670-4D79-4D7C-9546-9D3F6349EF5B}.Release|Any CPU.ActiveCfg = Release|Any CPU
		{F29F6670-4D79-4D7C-9546-9D3F6349EF5B}.Release|Any CPU.Build.0 = Release|Any CPU
		{B8DA8365-73D6-42D7-8D11-48A7A5FF47AC}.Debug|Any CPU.ActiveCfg = Debug|Any CPU
		{B8DA8365-73D6-42D7-8D11-48A7A5FF47AC}.Debug|Any CPU.Build.0 = Debug|Any CPU
		{B8DA8365-73D6-42D7-8D11-48A7A5FF47AC}.Release|Any CPU.ActiveCfg = Release|Any CPU
		{B8DA8365-73D6-42D7-8D11-48A7A5FF47AC}.Release|Any CPU.Build.0 = Release|Any CPU
		{D343304F-4FE6-4451-A970-F512AC05153F}.Debug|Any CPU.ActiveCfg = Debug|Any CPU
		{D343304F-4FE6-4451-A970-F512AC05153F}.Debug|Any CPU.Build.0 = Debug|Any CPU
		{D343304F-4FE6-4451-A970-F512AC05153F}.Release|Any CPU.ActiveCfg = Release|Any CPU
		{D343304F-4FE6-4451-A970-F512AC05153F}.Release|Any CPU.Build.0 = Release|Any CPU
		{52AC1F60-C473-4913-9B53-F65110B4CFC9}.Debug|Any CPU.ActiveCfg = Debug|Any CPU
		{52AC1F60-C473-4913-9B53-F65110B4CFC9}.Debug|Any CPU.Build.0 = Debug|Any CPU
		{52AC1F60-C473-4913-9B53-F65110B4CFC9}.Release|Any CPU.ActiveCfg = Release|Any CPU
		{52AC1F60-C473-4913-9B53-F65110B4CFC9}.Release|Any CPU.Build.0 = Release|Any CPU
		{F01AF2B3-EB42-4175-B428-2792B5C3214F}.Debug|Any CPU.ActiveCfg = Debug|Any CPU
		{F01AF2B3-EB42-4175-B428-2792B5C3214F}.Debug|Any CPU.Build.0 = Debug|Any CPU
		{F01AF2B3-EB42-4175-B428-2792B5C3214F}.Release|Any CPU.ActiveCfg = Release|Any CPU
		{F01AF2B3-EB42-4175-B428-2792B5C3214F}.Release|Any CPU.Build.0 = Release|Any CPU
		{8ECA8FCB-88F8-4687-9E1E-470FA1151D18}.Debug|Any CPU.ActiveCfg = Debug|Any CPU
		{8ECA8FCB-88F8-4687-9E1E-470FA1151D18}.Debug|Any CPU.Build.0 = Debug|Any CPU
		{8ECA8FCB-88F8-4687-9E1E-470FA1151D18}.Release|Any CPU.ActiveCfg = Release|Any CPU
		{8ECA8FCB-88F8-4687-9E1E-470FA1151D18}.Release|Any CPU.Build.0 = Release|Any CPU
		{E53CF96E-6116-4068-A282-3B6C08934257}.Debug|Any CPU.ActiveCfg = Debug|Any CPU
		{E53CF96E-6116-4068-A282-3B6C08934257}.Debug|Any CPU.Build.0 = Debug|Any CPU
		{E53CF96E-6116-4068-A282-3B6C08934257}.Release|Any CPU.ActiveCfg = Release|Any CPU
		{E53CF96E-6116-4068-A282-3B6C08934257}.Release|Any CPU.Build.0 = Release|Any CPU
		{EDEF46CE-6BE0-4DFC-9212-9679ADD25F01}.Debug|Any CPU.ActiveCfg = Debug|Any CPU
		{EDEF46CE-6BE0-4DFC-9212-9679ADD25F01}.Debug|Any CPU.Build.0 = Debug|Any CPU
		{EDEF46CE-6BE0-4DFC-9212-9679ADD25F01}.Release|Any CPU.ActiveCfg = Release|Any CPU
		{EDEF46CE-6BE0-4DFC-9212-9679ADD25F01}.Release|Any CPU.Build.0 = Release|Any CPU
		{1A87E30F-2B87-4B86-B966-030C73216941}.Debug|Any CPU.ActiveCfg = Debug|Any CPU
		{1A87E30F-2B87-4B86-B966-030C73216941}.Debug|Any CPU.Build.0 = Debug|Any CPU
		{1A87E30F-2B87-4B86-B966-030C73216941}.Release|Any CPU.ActiveCfg = Release|Any CPU
		{1A87E30F-2B87-4B86-B966-030C73216941}.Release|Any CPU.Build.0 = Release|Any CPU
		{679D12E5-F02B-4AF2-9BE0-C127C40F7D2F}.Debug|Any CPU.ActiveCfg = Debug|Any CPU
		{679D12E5-F02B-4AF2-9BE0-C127C40F7D2F}.Debug|Any CPU.Build.0 = Debug|Any CPU
		{679D12E5-F02B-4AF2-9BE0-C127C40F7D2F}.Release|Any CPU.ActiveCfg = Release|Any CPU
		{679D12E5-F02B-4AF2-9BE0-C127C40F7D2F}.Release|Any CPU.Build.0 = Release|Any CPU
		{07281CB1-2603-49BD-8791-C9D32885B97C}.Debug|Any CPU.ActiveCfg = Debug|Any CPU
		{07281CB1-2603-49BD-8791-C9D32885B97C}.Debug|Any CPU.Build.0 = Debug|Any CPU
		{07281CB1-2603-49BD-8791-C9D32885B97C}.Release|Any CPU.ActiveCfg = Release|Any CPU
		{07281CB1-2603-49BD-8791-C9D32885B97C}.Release|Any CPU.Build.0 = Release|Any CPU
		{6F7CA13D-00EA-498A-B554-BEB0235492A6}.Debug|Any CPU.ActiveCfg = Debug|Any CPU
		{6F7CA13D-00EA-498A-B554-BEB0235492A6}.Debug|Any CPU.Build.0 = Debug|Any CPU
		{6F7CA13D-00EA-498A-B554-BEB0235492A6}.Release|Any CPU.ActiveCfg = Release|Any CPU
		{6F7CA13D-00EA-498A-B554-BEB0235492A6}.Release|Any CPU.Build.0 = Release|Any CPU
		{CD74DBD2-A87F-4F2E-A9ED-53D1ADB6B3AF}.Debug|Any CPU.ActiveCfg = Debug|Any CPU
		{CD74DBD2-A87F-4F2E-A9ED-53D1ADB6B3AF}.Debug|Any CPU.Build.0 = Debug|Any CPU
		{CD74DBD2-A87F-4F2E-A9ED-53D1ADB6B3AF}.Release|Any CPU.ActiveCfg = Release|Any CPU
		{CD74DBD2-A87F-4F2E-A9ED-53D1ADB6B3AF}.Release|Any CPU.Build.0 = Release|Any CPU
		{35E9056F-1FCE-4191-A1DE-98FD7C4B18C1}.Debug|Any CPU.ActiveCfg = Debug|Any CPU
		{35E9056F-1FCE-4191-A1DE-98FD7C4B18C1}.Debug|Any CPU.Build.0 = Debug|Any CPU
		{35E9056F-1FCE-4191-A1DE-98FD7C4B18C1}.Release|Any CPU.ActiveCfg = Release|Any CPU
		{35E9056F-1FCE-4191-A1DE-98FD7C4B18C1}.Release|Any CPU.Build.0 = Release|Any CPU
		{7455DA13-BE13-4F21-BA45-BEAC32E472F4}.Debug|Any CPU.ActiveCfg = Debug|Any CPU
		{7455DA13-BE13-4F21-BA45-BEAC32E472F4}.Debug|Any CPU.Build.0 = Debug|Any CPU
		{7455DA13-BE13-4F21-BA45-BEAC32E472F4}.Release|Any CPU.ActiveCfg = Release|Any CPU
		{7455DA13-BE13-4F21-BA45-BEAC32E472F4}.Release|Any CPU.Build.0 = Release|Any CPU
		{7B876CC2-D066-4132-98F6-DBCCB8031188}.Debug|Any CPU.ActiveCfg = Debug|Any CPU
		{7B876CC2-D066-4132-98F6-DBCCB8031188}.Debug|Any CPU.Build.0 = Debug|Any CPU
		{7B876CC2-D066-4132-98F6-DBCCB8031188}.Release|Any CPU.ActiveCfg = Release|Any CPU
		{7B876CC2-D066-4132-98F6-DBCCB8031188}.Release|Any CPU.Build.0 = Release|Any CPU
		{FE12486A-70C9-4194-8840-8168D6AE9568}.Debug|Any CPU.ActiveCfg = Debug|Any CPU
		{FE12486A-70C9-4194-8840-8168D6AE9568}.Debug|Any CPU.Build.0 = Debug|Any CPU
		{FE12486A-70C9-4194-8840-8168D6AE9568}.Release|Any CPU.ActiveCfg = Release|Any CPU
		{FE12486A-70C9-4194-8840-8168D6AE9568}.Release|Any CPU.Build.0 = Release|Any CPU
		{56B9FD20-DBC6-4525-BB62-4E6734A738EC}.Debug|Any CPU.ActiveCfg = Debug|Any CPU
		{56B9FD20-DBC6-4525-BB62-4E6734A738EC}.Debug|Any CPU.Build.0 = Debug|Any CPU
		{56B9FD20-DBC6-4525-BB62-4E6734A738EC}.Release|Any CPU.ActiveCfg = Release|Any CPU
		{56B9FD20-DBC6-4525-BB62-4E6734A738EC}.Release|Any CPU.Build.0 = Release|Any CPU
	EndGlobalSection
EndGlobal
